
Microsoft Visual Studio Solution File, Format Version 12.00
# Visual Studio Version 16
VisualStudioVersion = 16.0.31025.194
MinimumVisualStudioVersion = 10.0.40219.1
Project("{9A19103F-16F7-4668-BE54-9A1E7A4F7556}") = "API", "API\API.csproj", "{F8C413F2-FD36-4B6B-B7EA-924AE909ECD6}"
EndProject
Global
	GlobalSection(SolutionConfigurationPlatforms) = preSolution
		Debug|Any CPU = Debug|Any CPU
		Release|Any CPU = Release|Any CPU
	EndGlobalSection
	GlobalSection(ProjectConfigurationPlatforms) = postSolution
		{F8C413F2-FD36-4B6B-B7EA-924AE909ECD6}.Debug|Any CPU.ActiveCfg = Debug|Any CPU
		{F8C413F2-FD36-4B6B-B7EA-924AE909ECD6}.Debug|Any CPU.Build.0 = Debug|Any CPU
		{F8C413F2-FD36-4B6B-B7EA-924AE909ECD6}.Release|Any CPU.ActiveCfg = Release|Any CPU
		{F8C413F2-FD36-4B6B-B7EA-924AE909ECD6}.Release|Any CPU.Build.0 = Release|Any CPU
	EndGlobalSection
	GlobalSection(SolutionProperties) = preSolution
		HideSolutionNode = FALSE
	EndGlobalSection
	GlobalSection(ExtensibilityGlobals) = postSolution
		SolutionGuid = {6F981E66-1A00-4D11-8D15-0D5A71BADBF8}
	EndGlobalSection
EndGlobal
